# This file was autogenerated by Stack.
# You should not edit this file by hand.
# For more information, please see the documentation at:
#   https://docs.haskellstack.org/en/stable/lock_files

packages:
- completed:
    hackage: github-0.24@sha256:4bf5a06289d36f78bf347b6a4f9906f659be7335cde78386a6c95568714a730b,6955
    pantry-tree:
      size: 7105
      sha256: e0f84d7a3cdd76c6bd5395c8c72d24a1dda9616f857291820b08947c8290f042
  original:
    hackage: github-0.24
- completed:
    hackage: binary-instances-1@sha256:b17565598b8df3241f9b46fa8e3a3368ecc8e3f2eb175d7c28f319042a6f5c79,2613
    pantry-tree:
      size: 1035
      sha256: 938ffc6990cac12681c657f7afa93737eecf335e6f0212d8c0b7c1ea3e0f40f4
  original:
    hackage: binary-instances-1
- completed:
    hackage: fused-effects-1.0.0.1@sha256:efbee8b3a7e1e8efdaaaa28208d1537b33a82518b86e2f945d3b5c1a5025f6c0,4726
    pantry-tree:
      size: 5286
      sha256: 9e212bde9264fe726bd374ccfed5c39cc47316c74621e8f5fa4f561b37635a83
  original:
    hackage: fused-effects-1.0.0.1
- completed:
    hackage: optparse-applicative-0.15.1.0@sha256:a0b9924d88a17c36cd8e6839d7dd2138419dd8f08cbb4f9af18f3c367b0c69a3,4673
    pantry-tree:
      size: 2904
      sha256: f3baab2f89cb92de0f90cf9ac3a89f20f3b28bffd1be7b09c9e611a8c6957e61
  original:
    hackage: optparse-applicative-0.15.1.0
snapshots:
- completed:
    size: 524163
    url: https://raw.githubusercontent.com/commercialhaskell/stackage-snapshots/master/lts/14/25.yaml
    sha256: 97548b4e927a8a862d4a203687ca18a3f5d2ae75b4b72c946fb29c17df1a5082
  original: lts-14.25
