# This file was autogenerated by Stack.
# You should not edit this file by hand.
# For more information, please see the documentation at:
#   https://docs.haskellstack.org/en/stable/lock_files

packages:
- completed:
    hackage: github-0.24@sha256:4bf5a06289d36f78bf347b6a4f9906f659be7335cde78386a6c95568714a730b,6955
    pantry-tree:
      size: 7105
      sha256: e0f84d7a3cdd76c6bd5395c8c72d24a1dda9616f857291820b08947c8290f042
  original:
    hackage: github-0.24
- completed:
    hackage: binary-instances-1@sha256:b17565598b8df3241f9b46fa8e3a3368ecc8e3f2eb175d7c28f319042a6f5c79,2613
    pantry-tree:
      size: 1035
      sha256: 938ffc6990cac12681c657f7afa93737eecf335e6f0212d8c0b7c1ea3e0f40f4
  original:
    hackage: binary-instances-1
- completed:
    hackage: polysemy-1.2.3.0@sha256:d9cfa7942940c7c6d07d1f26ae70c4f1170f9bd6c331bdbe586e810fafc25f17,5878
    pantry-tree:
      size: 3625
      sha256: a54b1b565848944e37a5533bd91e91ecb7cdfa21294ba599c13d015d354c4f39
  original:
    hackage: polysemy-1.2.3.0
- completed:
    hackage: polysemy-plugin-0.2.4.0@sha256:b27f399946e90d480271d2b655b6172ed80f9d421f871c21a804511bc7b0f53c,2952
    pantry-tree:
      size: 1232
      sha256: cb625393a44faa3c25e513c7df89742b5bbe457533f8f2ebf37bc6a32bf10423
  original:
    hackage: polysemy-plugin-0.2.4.0
- completed:
    hackage: optparse-applicative-0.15.1.0@sha256:a0b9924d88a17c36cd8e6839d7dd2138419dd8f08cbb4f9af18f3c367b0c69a3,4673
    pantry-tree:
      size: 2904
      sha256: f3baab2f89cb92de0f90cf9ac3a89f20f3b28bffd1be7b09c9e611a8c6957e61
  original:
    hackage: optparse-applicative-0.15.1.0
snapshots:
- completed:
    size: 524799
    url: https://raw.githubusercontent.com/commercialhaskell/stackage-snapshots/master/lts/14/17.yaml
    sha256: 1d72b33c0fc048e23f4f18fd76a6ad79dd1d8a3c054644098a71a09855e40c7c
  original: lts-14.17
